
Microsoft Visual Studio Solution File, Format Version 12.00
# Visual Studio Version 17
VisualStudioVersion = 17.4.33205.214
MinimumVisualStudioVersion = 10.0.40219.1
Project("{9A19103F-16F7-4668-BE54-9A1E7A4F7556}") = "PlainEnglishBlazor", "PlainEnglishBlazor\PlainEnglishBlazor.csproj", "{5D08D954-FE21-42FE-87EF-AF48055119E7}"
EndProject
Project("{9A19103F-16F7-4668-BE54-9A1E7A4F7556}") = "PlainEnglishBlazor.Business", "PlainEnglishBlazor.Business\PlainEnglishBlazor.Business.csproj", "{ED3675A4-977E-4604-AD44-D97A78BA8092}"
EndProject
Project("{9A19103F-16F7-4668-BE54-9A1E7A4F7556}") = "PlainEnglishBlazor.DataAccess", "PlainEnglishBlazor.DataAccess\PlainEnglishBlazor.DataAccess.csproj", "{2B586AA1-7D45-4821-9AAC-1291D6A7BAAB}"
EndProject
Project("{9A19103F-16F7-4668-BE54-9A1E7A4F7556}") = "PlainEnglishBlazor.Shared", "PlainEnglishBlazor.Shared\PlainEnglishBlazor.Shared.csproj", "{8930AD55-035A-4EDB-BA7D-0CCDA58D165E}"
EndProject
Project("{9A19103F-16F7-4668-BE54-9A1E7A4F7556}") = "UnitTests", "UnitTests\UnitTests.csproj", "{3A5694EA-BC0E-48D4-9BAA-0FE3D16C3648}"
EndProject
Global
	GlobalSection(SolutionConfigurationPlatforms) = preSolution
		Debug|Any CPU = Debug|Any CPU
		Release|Any CPU = Release|Any CPU
	EndGlobalSection
	GlobalSection(ProjectConfigurationPlatforms) = postSolution
		{5D08D954-FE21-42FE-87EF-AF48055119E7}.Debug|Any CPU.ActiveCfg = Debug|Any CPU
		{5D08D954-FE21-42FE-87EF-AF48055119E7}.Debug|Any CPU.Build.0 = Debug|Any CPU
		{5D08D954-FE21-42FE-87EF-AF48055119E7}.Release|Any CPU.ActiveCfg = Release|Any CPU
		{5D08D954-FE21-42FE-87EF-AF48055119E7}.Release|Any CPU.Build.0 = Release|Any CPU
		{ED3675A4-977E-4604-AD44-D97A78BA8092}.Debug|Any CPU.ActiveCfg = Debug|Any CPU
		{ED3675A4-977E-4604-AD44-D97A78BA8092}.Debug|Any CPU.Build.0 = Debug|Any CPU
		{ED3675A4-977E-4604-AD44-D97A78BA8092}.Release|Any CPU.ActiveCfg = Release|Any CPU
		{ED3675A4-977E-4604-AD44-D97A78BA8092}.Release|Any CPU.Build.0 = Release|Any CPU
		{2B586AA1-7D45-4821-9AAC-1291D6A7BAAB}.Debug|Any CPU.ActiveCfg = Debug|Any CPU
		{2B586AA1-7D45-4821-9AAC-1291D6A7BAAB}.Debug|Any CPU.Build.0 = Debug|Any CPU
		{2B586AA1-7D45-4821-9AAC-1291D6A7BAAB}.Release|Any CPU.ActiveCfg = Release|Any CPU
		{2B586AA1-7D45-4821-9AAC-1291D6A7BAAB}.Release|Any CPU.Build.0 = Release|Any CPU
		{8930AD55-035A-4EDB-BA7D-0CCDA58D165E}.Debug|Any CPU.ActiveCfg = Debug|Any CPU
		{8930AD55-035A-4EDB-BA7D-0CCDA58D165E}.Debug|Any CPU.Build.0 = Debug|Any CPU
		{8930AD55-035A-4EDB-BA7D-0CCDA58D165E}.Release|Any CPU.ActiveCfg = Release|Any CPU
		{8930AD55-035A-4EDB-BA7D-0CCDA58D165E}.Release|Any CPU.Build.0 = Release|Any CPU
		{3A5694EA-BC0E-48D4-9BAA-0FE3D16C3648}.Debug|Any CPU.ActiveCfg = Debug|Any CPU
		{3A5694EA-BC0E-48D4-9BAA-0FE3D16C3648}.Debug|Any CPU.Build.0 = Debug|Any CPU
		{3A5694EA-BC0E-48D4-9BAA-0FE3D16C3648}.Release|Any CPU.ActiveCfg = Release|Any CPU
		{3A5694EA-BC0E-48D4-9BAA-0FE3D16C3648}.Release|Any CPU.Build.0 = Release|Any CPU
	EndGlobalSection
	GlobalSection(SolutionProperties) = preSolution
		HideSolutionNode = FALSE
	EndGlobalSection
	GlobalSection(ExtensibilityGlobals) = postSolution
		SolutionGuid = {019EF8BE-E396-4E5B-84D1-6AE9E47428A7}
	EndGlobalSection
EndGlobal
